
Microsoft Visual Studio Solution File, Format Version 12.00
# Visual Studio Version 17
VisualStudioVersion = 17.14.36221.1 d17.14
MinimumVisualStudioVersion = 10.0.40219.1
Project("{FAE04EC0-301F-11D3-BF4B-00C04F79EFBC}") = "CozyComfort.API", "CozyComfort.API.csproj", "{56DA16BB-441A-4E28-835A-7A040DFEC6DA}"
EndProject
Global
	GlobalSection(SolutionConfigurationPlatforms) = preSolution
		Debug|Any CPU = Debug|Any CPU
		Release|Any CPU = Release|Any CPU
	EndGlobalSection
	GlobalSection(ProjectConfigurationPlatforms) = postSolution
		{56DA16BB-441A-4E28-835A-7A040DFEC6DA}.Debug|Any CPU.ActiveCfg = Debug|Any CPU
		{56DA16BB-441A-4E28-835A-7A040DFEC6DA}.Debug|Any CPU.Build.0 = Debug|Any CPU
		{56DA16BB-441A-4E28-835A-7A040DFEC6DA}.Release|Any CPU.ActiveCfg = Release|Any CPU
		{56DA16BB-441A-4E28-835A-7A040DFEC6DA}.Release|Any CPU.Build.0 = Release|Any CPU
	EndGlobalSection
	GlobalSection(SolutionProperties) = preSolution
		HideSolutionNode = FALSE
	EndGlobalSection
	GlobalSection(ExtensibilityGlobals) = postSolution
		SolutionGuid = {FD7BC60E-A405-4D1C-9D6E-79E580BF4F82}
	EndGlobalSection
EndGlobal
